
Microsoft Visual Studio Solution File, Format Version 12.00
# Visual Studio Version 17
VisualStudioVersion = 17.9.34616.47
MinimumVisualStudioVersion = 10.0.40219.1
Project("{FAE04EC0-301F-11D3-BF4B-00C04F79EFBC}") = "fordemo", "fordemo\fordemo.csproj", "{C6E92E79-895F-4913-9881-8DB04A0C744A}"
EndProject
Global
	GlobalSection(SolutionConfigurationPlatforms) = preSolution
		Debug|Any CPU = Debug|Any CPU
		Release|Any CPU = Release|Any CPU
	EndGlobalSection
	GlobalSection(ProjectConfigurationPlatforms) = postSolution
		{C6E92E79-895F-4913-9881-8DB04A0C744A}.Debug|Any CPU.ActiveCfg = Debug|Any CPU
		{C6E92E79-895F-4913-9881-8DB04A0C744A}.Debug|Any CPU.Build.0 = Debug|Any CPU
		{C6E92E79-895F-4913-9881-8DB04A0C744A}.Release|Any CPU.ActiveCfg = Release|Any CPU
		{C6E92E79-895F-4913-9881-8DB04A0C744A}.Release|Any CPU.Build.0 = Release|Any CPU
	EndGlobalSection
	GlobalSection(SolutionProperties) = preSolution
		HideSolutionNode = FALSE
	EndGlobalSection
	GlobalSection(ExtensibilityGlobals) = postSolution
		SolutionGuid = {F14DDC8C-8B97-4714-BE69-924E89807F4E}
	EndGlobalSection
EndGlobal
